
Microsoft Visual Studio Solution File, Format Version 12.00
# Visual Studio Version 16
VisualStudioVersion = 16.0.30406.217
MinimumVisualStudioVersion = 10.0.40219.1
Project("{9A19103F-16F7-4668-BE54-9A1E7A4F7556}") = "InedoExtension", "InedoExtension\InedoExtension.csproj", "{7481FB80-9DE1-4AFC-90A0-9E077DC6EF61}"
EndProject
Global
	GlobalSection(SolutionConfigurationPlatforms) = preSolution
		Debug|Any CPU = Debug|Any CPU
		Release|Any CPU = Release|Any CPU
	EndGlobalSection
	GlobalSection(ProjectConfigurationPlatforms) = postSolution
		{7481FB80-9DE1-4AFC-90A0-9E077DC6EF61}.Debug|Any CPU.ActiveCfg = Debug|Any CPU
		{7481FB80-9DE1-4AFC-90A0-9E077DC6EF61}.Debug|Any CPU.Build.0 = Debug|Any CPU
		{7481FB80-9DE1-4AFC-90A0-9E077DC6EF61}.Release|Any CPU.ActiveCfg = Release|Any CPU
		{7481FB80-9DE1-4AFC-90A0-9E077DC6EF61}.Release|Any CPU.Build.0 = Release|Any CPU
	EndGlobalSection
	GlobalSection(SolutionProperties) = preSolution
		HideSolutionNode = FALSE
	EndGlobalSection
	GlobalSection(ExtensibilityGlobals) = postSolution
		SolutionGuid = {F9C9200B-AE9D-4541-A707-60D7DDD40DA3}
	EndGlobalSection
EndGlobal
